
Microsoft Visual Studio Solution File, Format Version 12.00
# Visual Studio Version 16
VisualStudioVersion = 16.0.30907.101
MinimumVisualStudioVersion = 10.0.40219.1
Project("{9A19103F-16F7-4668-BE54-9A1E7A4F7556}") = "ApiBolsa", "ApiBolsa\ApiBolsa.csproj", "{AE0212B1-483A-4237-9341-D4FD9B434CD0}"
EndProject
Global
	GlobalSection(SolutionConfigurationPlatforms) = preSolution
		Debug|Any CPU = Debug|Any CPU
		Release|Any CPU = Release|Any CPU
	EndGlobalSection
	GlobalSection(ProjectConfigurationPlatforms) = postSolution
		{AE0212B1-483A-4237-9341-D4FD9B434CD0}.Debug|Any CPU.ActiveCfg = Debug|Any CPU
		{AE0212B1-483A-4237-9341-D4FD9B434CD0}.Debug|Any CPU.Build.0 = Debug|Any CPU
		{AE0212B1-483A-4237-9341-D4FD9B434CD0}.Release|Any CPU.ActiveCfg = Release|Any CPU
		{AE0212B1-483A-4237-9341-D4FD9B434CD0}.Release|Any CPU.Build.0 = Release|Any CPU
	EndGlobalSection
	GlobalSection(SolutionProperties) = preSolution
		HideSolutionNode = FALSE
	EndGlobalSection
	GlobalSection(ExtensibilityGlobals) = postSolution
		SolutionGuid = {E8663A11-BDD8-455D-AFB2-D4670FB5B8A6}
	EndGlobalSection
EndGlobal
